
Microsoft Visual Studio Solution File, Format Version 12.00
# Visual Studio Version 16
VisualStudioVersion = 16.0.30621.155
MinimumVisualStudioVersion = 10.0.40219.1
Project("{FAE04EC0-301F-11D3-BF4B-00C04F79EFBC}") = "LeaveManagementSystem", "LeaveManagementSystem\LeaveManagementSystem.csproj", "{EBBA429D-BCB2-411D-A3CD-8A344A7BDAA1}"
EndProject
Global
	GlobalSection(SolutionConfigurationPlatforms) = preSolution
		Debug|Any CPU = Debug|Any CPU
		Release|Any CPU = Release|Any CPU
	EndGlobalSection
	GlobalSection(ProjectConfigurationPlatforms) = postSolution
		{EBBA429D-BCB2-411D-A3CD-8A344A7BDAA1}.Debug|Any CPU.ActiveCfg = Debug|Any CPU
		{EBBA429D-BCB2-411D-A3CD-8A344A7BDAA1}.Debug|Any CPU.Build.0 = Debug|Any CPU
		{EBBA429D-BCB2-411D-A3CD-8A344A7BDAA1}.Release|Any CPU.ActiveCfg = Release|Any CPU
		{EBBA429D-BCB2-411D-A3CD-8A344A7BDAA1}.Release|Any CPU.Build.0 = Release|Any CPU
	EndGlobalSection
	GlobalSection(SolutionProperties) = preSolution
		HideSolutionNode = FALSE
	EndGlobalSection
	GlobalSection(ExtensibilityGlobals) = postSolution
		SolutionGuid = {55F0A9B9-64DC-4DA1-BC2B-4DF8B0E2EABC}
	EndGlobalSection
EndGlobal
